
Microsoft Visual Studio Solution File, Format Version 12.00
# Visual Studio Version 17
VisualStudioVersion = 17.9.34723.18
MinimumVisualStudioVersion = 10.0.40219.1
Project("{FAE04EC0-301F-11D3-BF4B-00C04F79EFBC}") = "Gym.API", "Gym.API\Gym.API.csproj", "{B9D36DEF-9C64-48E7-ABA4-7FC4D1AE2B2E}"
EndProject
Project("{FAE04EC0-301F-11D3-BF4B-00C04F79EFBC}") = "Gym.BLL", "Gym.BLL\Gym.BLL.csproj", "{AB7E23DB-20F3-4ECB-8547-755E4F5720D7}"
EndProject
Project("{FAE04EC0-301F-11D3-BF4B-00C04F79EFBC}") = "Gym.DAL", "Gym.DAL\Gym.DAL.csproj", "{61961055-B7EC-477F-B14B-68F82D4AAAC9}"
EndProject
Project("{FAE04EC0-301F-11D3-BF4B-00C04F79EFBC}") = "Gym.DTO", "Gym.DTO\Gym.DTO.csproj", "{4BEF00AB-E1B3-4CFC-96FA-C1D600FC4B14}"
EndProject
Project("{FAE04EC0-301F-11D3-BF4B-00C04F79EFBC}") = "Gym.IOC", "Gym.IOC\Gym.IOC.csproj", "{D775F5C3-C7D5-4E74-8249-EBEAF08EB8F1}"
EndProject
Project("{FAE04EC0-301F-11D3-BF4B-00C04F79EFBC}") = "Gym.Model", "Gym.Model\Gym.Model.csproj", "{52AAFD86-DD49-476B-BEF3-E77ABC043C8F}"
EndProject
Project("{FAE04EC0-301F-11D3-BF4B-00C04F79EFBC}") = "Gym.Utility", "Gym.Utility\Gym.Utility.csproj", "{1E602045-9B4D-449C-8C7F-D4FB40189360}"
EndProject
Global
	GlobalSection(SolutionConfigurationPlatforms) = preSolution
		Debug|Any CPU = Debug|Any CPU
		Release|Any CPU = Release|Any CPU
	EndGlobalSection
	GlobalSection(ProjectConfigurationPlatforms) = postSolution
		{B9D36DEF-9C64-48E7-ABA4-7FC4D1AE2B2E}.Debug|Any CPU.ActiveCfg = Debug|Any CPU
		{B9D36DEF-9C64-48E7-ABA4-7FC4D1AE2B2E}.Debug|Any CPU.Build.0 = Debug|Any CPU
		{B9D36DEF-9C64-48E7-ABA4-7FC4D1AE2B2E}.Release|Any CPU.ActiveCfg = Release|Any CPU
		{B9D36DEF-9C64-48E7-ABA4-7FC4D1AE2B2E}.Release|Any CPU.Build.0 = Release|Any CPU
		{AB7E23DB-20F3-4ECB-8547-755E4F5720D7}.Debug|Any CPU.ActiveCfg = Debug|Any CPU
		{AB7E23DB-20F3-4ECB-8547-755E4F5720D7}.Debug|Any CPU.Build.0 = Debug|Any CPU
		{AB7E23DB-20F3-4ECB-8547-755E4F5720D7}.Release|Any CPU.ActiveCfg = Release|Any CPU
		{AB7E23DB-20F3-4ECB-8547-755E4F5720D7}.Release|Any CPU.Build.0 = Release|Any CPU
		{61961055-B7EC-477F-B14B-68F82D4AAAC9}.Debug|Any CPU.ActiveCfg = Debug|Any CPU
		{61961055-B7EC-477F-B14B-68F82D4AAAC9}.Debug|Any CPU.Build.0 = Debug|Any CPU
		{61961055-B7EC-477F-B14B-68F82D4AAAC9}.Release|Any CPU.ActiveCfg = Release|Any CPU
		{61961055-B7EC-477F-B14B-68F82D4AAAC9}.Release|Any CPU.Build.0 = Release|Any CPU
		{4BEF00AB-E1B3-4CFC-96FA-C1D600FC4B14}.Debug|Any CPU.ActiveCfg = Debug|Any CPU
		{4BEF00AB-E1B3-4CFC-96FA-C1D600FC4B14}.Debug|Any CPU.Build.0 = Debug|Any CPU
		{4BEF00AB-E1B3-4CFC-96FA-C1D600FC4B14}.Release|Any CPU.ActiveCfg = Release|Any CPU
		{4BEF00AB-E1B3-4CFC-96FA-C1D600FC4B14}.Release|Any CPU.Build.0 = Release|Any CPU
		{D775F5C3-C7D5-4E74-8249-EBEAF08EB8F1}.Debug|Any CPU.ActiveCfg = Debug|Any CPU
		{D775F5C3-C7D5-4E74-8249-EBEAF08EB8F1}.Debug|Any CPU.Build.0 = Debug|Any CPU
		{D775F5C3-C7D5-4E74-8249-EBEAF08EB8F1}.Release|Any CPU.ActiveCfg = Release|Any CPU
		{D775F5C3-C7D5-4E74-8249-EBEAF08EB8F1}.Release|Any CPU.Build.0 = Release|Any CPU
		{52AAFD86-DD49-476B-BEF3-E77ABC043C8F}.Debug|Any CPU.ActiveCfg = Debug|Any CPU
		{52AAFD86-DD49-476B-BEF3-E77ABC043C8F}.Debug|Any CPU.Build.0 = Debug|Any CPU
		{52AAFD86-DD49-476B-BEF3-E77ABC043C8F}.Release|Any CPU.ActiveCfg = Release|Any CPU
		{52AAFD86-DD49-476B-BEF3-E77ABC043C8F}.Release|Any CPU.Build.0 = Release|Any CPU
		{1E602045-9B4D-449C-8C7F-D4FB40189360}.Debug|Any CPU.ActiveCfg = Debug|Any CPU
		{1E602045-9B4D-449C-8C7F-D4FB40189360}.Debug|Any CPU.Build.0 = Debug|Any CPU
		{1E602045-9B4D-449C-8C7F-D4FB40189360}.Release|Any CPU.ActiveCfg = Release|Any CPU
		{1E602045-9B4D-449C-8C7F-D4FB40189360}.Release|Any CPU.Build.0 = Release|Any CPU
	EndGlobalSection
	GlobalSection(SolutionProperties) = preSolution
		HideSolutionNode = FALSE
	EndGlobalSection
	GlobalSection(ExtensibilityGlobals) = postSolution
		SolutionGuid = {4CE9BCA9-F7F8-4220-BC1A-CC2B1E22E38E}
	EndGlobalSection
EndGlobal
